{
  "name": "micro-repl",
  "version": "0.8.1",
  "lockfileVersion": 3,
  "requires": true,
  "packages": {
    "": {
      "name": "micro-repl",
      "version": "0.8.1",
      "license": "MIT",
      "devDependencies": {
        "@xterm/addon-fit": "^0.10.0",
        "@xterm/addon-web-links": "^0.11.0",
        "codedent": "^0.1.2",
        "static-handler": "^0.4.3",
        "xterm": "^5.3.0"
      }
    },
    "node_modules/@xterm/addon-fit": {
      "version": "0.10.0",
      "resolved": "https://registry.npmjs.org/@xterm/addon-fit/-/addon-fit-0.10.0.tgz",
      "integrity": "sha512-UFYkDm4HUahf2lnEyHvio51TNGiLK66mqP2JoATy7hRZeXaGMRDr00JiSF7m63vR5WKATF605yEggJKsw0JpMQ==",
      "dev": true,
      "license": "MIT",
      "peerDependencies": {
        "@xterm/xterm": "^5.0.0"
      }
    },
    "node_modules/@xterm/addon-web-links": {
      "version": "0.11.0",
      "resolved": "https://registry.npmjs.org/@xterm/addon-web-links/-/addon-web-links-0.11.0.tgz",
      "integrity": "sha512-nIHQ38pQI+a5kXnRaTgwqSHnX7KE6+4SVoceompgHL26unAxdfP6IPqUTSYPQgSwM56hsElfoNrrW5V7BUED/Q==",
      "dev": true,
      "license": "MIT",
      "peerDependencies": {
        "@xterm/xterm": "^5.0.0"
      }
    },
    "node_modules/@xterm/xterm": {
      "version": "5.5.0",
      "resolved": "https://registry.npmjs.org/@xterm/xterm/-/xterm-5.5.0.tgz",
      "integrity": "sha512-hqJHYaQb5OptNunnyAnkHyM8aCjZ1MEIDTQu1iIbbTD/xops91NB5yq1ZK/dC2JDbVWtF23zUtl9JE2NqwT87A==",
      "dev": true,
      "peer": true
    },
    "node_modules/codedent": {
      "version": "0.1.2",
      "resolved": "https://registry.npmjs.org/codedent/-/codedent-0.1.2.tgz",
      "integrity": "sha512-qEqzcy5viM3UoCN0jYHZeXZoyd4NZQzYFg0kOBj8O1CgoGG9WYYTF+VeQRsN0OSKFjF3G1u4WDUOtOsWEx6N2w==",
      "dev": true,
      "license": "ISC",
      "dependencies": {
        "plain-tag": "^0.1.3"
      }
    },
    "node_modules/mime-db": {
      "version": "1.52.0",
      "resolved": "https://registry.npmjs.org/mime-db/-/mime-db-1.52.0.tgz",
      "integrity": "sha512-sPU4uV7dYlvtWJxwwxHD0PuihVNiE7TyAbQ5SWxDCB9mUYvOgroQOwYQQOKPJ8CIbE+1ETVlOoK1UC2nU3gYvg==",
      "dev": true,
      "engines": {
        "node": ">= 0.6"
      }
    },
    "node_modules/mime-types": {
      "version": "2.1.35",
      "resolved": "https://registry.npmjs.org/mime-types/-/mime-types-2.1.35.tgz",
      "integrity": "sha512-ZDY+bPm5zTTF+YpCrAU9nK0UgICYPT0QtT1NZWFv4s++TNkcgVaT0g6+4R2uI4MjQjzysHB1zxuWL50hzaeXiw==",
      "dev": true,
      "dependencies": {
        "mime-db": "1.52.0"
      },
      "engines": {
        "node": ">= 0.6"
      }
    },
    "node_modules/plain-tag": {
      "version": "0.1.3",
      "resolved": "https://registry.npmjs.org/plain-tag/-/plain-tag-0.1.3.tgz",
      "integrity": "sha512-yyVAOFKTAElc7KdLt2+UKGExNYwYb/Y/WE9i+1ezCQsJE8gbKSjewfpRqK2nQgZ4d4hhAAGgDCOcIZVilqE5UA==",
      "dev": true,
      "license": "ISC"
    },
    "node_modules/static-handler": {
      "version": "0.4.3",
      "resolved": "https://registry.npmjs.org/static-handler/-/static-handler-0.4.3.tgz",
      "integrity": "sha512-rHi6vtxW/kjC+L18cRVAICAp/ymTjyvZHCPXIrejrlVrRrNxrVGk9FNCg+rC9wM7SpZ9euyjsr7tNVtqpA2iLA==",
      "dev": true,
      "license": "ISC",
      "dependencies": {
        "mime-types": "^2.1.35"
      },
      "bin": {
        "static-handler": "static-handler.cjs"
      },
      "engines": {
        "node": ">=16"
      }
    },
    "node_modules/xterm": {
      "version": "5.3.0",
      "resolved": "https://registry.npmjs.org/xterm/-/xterm-5.3.0.tgz",
      "integrity": "sha512-8QqjlekLUFTrU6x7xck1MsPzPA571K5zNqWm0M0oroYEWVOptZ0+ubQSkQ3uxIEhcIHRujJy6emDWX4A7qyFzg==",
      "deprecated": "This package is now deprecated. Move to @xterm/xterm instead.",
      "dev": true,
      "license": "MIT"
    }
  }
}
